version = 1
revision = 3
requires-python = ">=3.13"

[[package]]
name = "colorama"
version = "0.4.6"
source = { registry = "https://pypi.org/simple" }
sdist = { url = "https://files.pythonhosted.org/packages/d8/53/6f443c9a4a8358a93a6792e2acffb9d9d5cb0a5cfd8802644b7b1c9a02e4/colorama-0.4.6.tar.gz", hash = "sha256:08695f5cb7ed6e0531a20572697297273c47b8cae5a63ffc6d6ed5c201be6e44", size = 27697, upload-time = "2022-10-25T02:36:22.414Z" }
wheels = [
    { url = "https://files.pythonhosted.org/packages/d1/d6/3965ed04c63042e047cb6a3e6ed1a63a35087b6a609aa3a15ed8ac56c221/colorama-0.4.6-py2.py3-none-any.whl", hash = "sha256:4f1d9991f5acc0ca119f9d443620b77f9d6b33703e51011c16baf57afb285fc6", size = 25335, upload-time = "2022-10-25T02:36:20.889Z" },
]

[[package]]
name = "cython"
version = "3.2.5"
source = { registry = "https://pypi.org/simple" }
sdist = { url = "https://files.pythonhosted.org/packages/3f/3b/ebd94c8b85f8e41b5015a9ed94ee3df866024d480d05cd08b774684fb81d/cython-3.2.5.tar.gz", hash = "sha256:3dd42e4cf36ad15f265bdfec2337cc00c688c8eb6d374ffd13bb19437c27bba1", size = 3286381, upload-time = "2026-05-23T19:34:08.439Z" }
wheels = [
    { url = "https://files.pythonhosted.org/packages/7e/30/f648409de61fd74ae63090071061145059664cc9b9ff8578197601a3beb6/cython-3.2.5-cp313-cp313-macosx_11_0_arm64.whl", hash = "sha256:6e5d7a60835345a8bd29d3aa57070880cc3ce017ea0ade7b9f771ce4bf539b1f", size = 2968935, upload-time = "2026-05-23T19:34:49Z" },
    { url = "https://files.pythonhosted.org/packages/4f/1b/95f07b5c0f1996e8e23b30d7aaadf5ecb9fb14d730c48af0963a359fdc25/cython-3.2.5-cp313-cp313-manylinux2014_aarch64.manylinux_2_17_aarch64.manylinux_2_28_aarch64.whl", hash = "sha256:f9b564f67b01bffa2521f475794b49f2787709cec1f91d5935a38eba37f2b359", size = 3223037, upload-time = "2026-05-23T19:34:51.634Z" },
    { url = "https://files.pythonhosted.org/packages/b7/29/ac650cf7eb449619b16d13bc452cac254f3a1843ca0d66dc462993bd4b23/cython-3.2.5-cp313-cp313-manylinux2014_x86_64.manylinux_2_17_x86_64.manylinux_2_28_x86_64.whl", hash = "sha256:0a81220817ff954eddf4512a5b82089094a2f523eb1dc4ad555efd6f07b009b4", size = 3382276, upload-time = "2026-05-23T19:34:53.858Z" },
    { url = "https://files.pythonhosted.org/packages/bb/0f/b3ce218dd833313e9d90c38bdc285f592e50e8e9bb981b49126cd2082141/cython-3.2.5-cp313-cp313-win_amd64.whl", hash = "sha256:3795237ab49753647e329181b140c424e8aa97543074f171f8d2c45e5014a06e", size = 2757027, upload-time = "2026-05-23T19:34:55.803Z" },
    { url = "https://files.pythonhosted.org/packages/82/78/668ef887621f68255feddd482dbcdcf5788b6c91227dd35bd17f128f827b/cython-3.2.5-cp314-cp314-macosx_11_0_arm64.whl", hash = "sha256:a636c8b7824f3cb587eb2fdde59d8f4a14d433565508081cc290198e37567910", size = 2981525, upload-time = "2026-05-23T19:34:58.445Z" },
    { url = "https://files.pythonhosted.org/packages/a3/26/3b0adcbab1ab97db0fbcfd6ba30e375bf2ae1ee0389279dadcc277a061a3/cython-3.2.5-cp314-cp314-manylinux2014_aarch64.manylinux_2_17_aarch64.manylinux_2_28_aarch64.whl", hash = "sha256:69cd71b90d4e0f142fd15b2353982c3f9171fc5e613001f16bcb366ffb29004b", size = 3257788, upload-time = "2026-05-23T19:35:00.764Z" },
    { url = "https://files.pythonhosted.org/packages/dd/57/4b3e78cbacff3800468632c08e2c48b0b58f0d72f20595ddc1d0c8c3442c/cython-3.2.5-cp314-cp314-manylinux2014_x86_64.manylinux_2_17_x86_64.manylinux_2_28_x86_64.whl", hash = "sha256:3864da4ca2ebe4660d8f672f2143b02840bf3045655222f6090486171c84298f", size = 3390671, upload-time = "2026-05-23T19:35:02.659Z" },
    { url = "https://files.pythonhosted.org/packages/69/22/6d93cc72ec6a840b185dc0c21a0465a79ce0e992d3863168d43170c96276/cython-3.2.5-cp314-cp314-win_amd64.whl", hash = "sha256:605c447188aecf2941709f53a2ce44862be256e54601c01b38ab710d83db8047", size = 2794115, upload-time = "2026-05-23T19:35:04.883Z" },
    { url = "https://files.pythonhosted.org/packages/a3/de/e3e0cf5704fe569d54b8cd5dc316c9fbf08b1b74728732f86e90168b7a3f/cython-3.2.5-cp39-abi3-macosx_10_9_x86_64.whl", hash = "sha256:224149d18d980e6ea5001b70fc7ce096c1891d59035dfa9cc5ede50f55804913", size = 2879054, upload-time = "2026-05-23T19:35:18.265Z" },
    { url = "https://files.pythonhosted.org/packages/3c/d1/0a6a8caa35c4c57a1f1866b1141c2d00c6af67f73edbe34b2baec6919ccf/cython-3.2.5-cp39-abi3-manylinux1_i686.manylinux_2_28_i686.manylinux_2_5_i686.whl", hash = "sha256:992a50e90d01813333752f374a4405863113059ec67102ab8d6a431a171ee328", size = 3210422, upload-time = "2026-05-23T19:35:20.641Z" },
    { url = "https://files.pythonhosted.org/packages/07/b8/2523398ec96bb0c9bf69ada625a2256a581940b09fe11fcd0029f26ef4ad/cython-3.2.5-cp39-abi3-manylinux2014_armv7l.manylinux_2_17_armv7l.manylinux_2_31_armv7l.whl", hash = "sha256:8d7b81e6a52a84a02993f01aa5873786ba1dd593c892d93d5fe9866da0bad297", size = 2863809, upload-time = "2026-05-23T19:35:22.416Z" },
    { url = "https://files.pythonhosted.org/packages/ff/3d/6b2f316d97bdb02283d79934e50da5cedfec65a536cdd3d69cc3a93486f9/cython-3.2.5-cp39-abi3-musllinux_1_2_aarch64.whl", hash = "sha256:34d21aeb08477c9173e8be7a566b19e880a7c8109ec6bb47a4b20cb680141114", size = 2992518, upload-time = "2026-05-23T19:35:24.737Z" },
    { url = "https://files.pythonhosted.org/packages/68/2c/c9238db1eba208e226d363c00c8b74bf531a6b40c75df2334baa85e142bf/cython-3.2.5-cp39-abi3-musllinux_1_2_armv7l.whl", hash = "sha256:c4c79e697db55f082a2d3ba97702e71881d5bb1f56f0a80fa338e69101e4c59b", size = 2886221, upload-time = "2026-05-23T19:35:26.64Z" },
    { url = "https://files.pythonhosted.org/packages/2d/15/229cc5c2ed92bb8b43c73a3d31c2b4eaf498409300c34a06d93147f7a42b/cython-3.2.5-cp39-abi3-musllinux_1_2_i686.whl", hash = "sha256:39acb30eba78ba6d995d5cf3d97d57d450663d93aac6f8b93753d2b89d768c60", size = 3226990, upload-time = "2026-05-23T19:35:28.979Z" },
    { url = "https://files.pythonhosted.org/packages/56/31/9c0024f2c772fc303f8cae2a204bcad2fedfaf921ba71cf13a878639432d/cython-3.2.5-cp39-abi3-musllinux_1_2_x86_64.whl", hash = "sha256:382122de8d6b6024fc374fabc3a2b14ba5860ed981c25055ed14fe44278b9dc7", size = 3111004, upload-time = "2026-05-23T19:35:30.957Z" },
    { url = "https://files.pythonhosted.org/packages/82/71/8b528247e42ee63cbe1c1d53805d30b28663fa782c88da4a9b69a1a412dd/cython-3.2.5-cp39-abi3-win32.whl", hash = "sha256:0bc29c7f870b09efdb1f583fbec9592b33af81a7ce273b89c8f5163d7572d5c1", size = 2440395, upload-time = "2026-05-23T19:35:33.082Z" },
    { url = "https://files.pythonhosted.org/packages/50/4d/81c91d3279d156ee2c9ead7ed9eaa862e498066d759e92fb83d0d842c5a7/cython-3.2.5-cp39-abi3-win_arm64.whl", hash = "sha256:85b2944c3eddfc230f9082720195a2e9f869908e5a8b3185be1be832755ee7fc", size = 2446963, upload-time = "2026-05-23T19:35:35.267Z" },
    { url = "https://files.pythonhosted.org/packages/d4/5c/9cd909e6a8bb178e4e0f9a2a9227c8201a2be38abe45ada4a4c3e9154277/cython-3.2.5-py3-none-any.whl", hash = "sha256:dc1c8cebb7df5bce37f5f8dc1e5bf04313272a5973d50a55c0ec76c83812911b", size = 1257622, upload-time = "2026-05-23T19:34:05.163Z" },
]

[[package]]
name = "hatchling"
version = "1.29.0"
source = { registry = "https://pypi.org/simple" }
dependencies = [
    { name = "packaging" },
    { name = "pathspec" },
    { name = "pluggy" },
    { name = "trove-classifiers" },
]
sdist = { url = "https://files.pythonhosted.org/packages/cf/9c/b4cfe330cd4f49cff17fd771154730555fa4123beb7f292cf0098b4e6c20/hatchling-1.29.0.tar.gz", hash = "sha256:793c31816d952cee405b83488ce001c719f325d9cda69f1fc4cd750527640ea6", size = 55656, upload-time = "2026-02-23T19:42:06.539Z" }
wheels = [
    { url = "https://files.pythonhosted.org/packages/d3/8a/44032265776062a89171285ede55a0bdaadc8ac00f27f0512a71a9e3e1c8/hatchling-1.29.0-py3-none-any.whl", hash = "sha256:50af9343281f34785fab12da82e445ed987a6efb34fd8c2fc0f6e6630dbcc1b0", size = 76356, upload-time = "2026-02-23T19:42:05.197Z" },
]

[[package]]
name = "iniconfig"
version = "2.3.0"
source = { registry = "https://pypi.org/simple" }
sdist = { url = "https://files.pythonhosted.org/packages/72/34/14ca021ce8e5dfedc35312d08ba8bf51fdd999c576889fc2c24cb97f4f10/iniconfig-2.3.0.tar.gz", hash = "sha256:c76315c77db068650d49c5b56314774a7804df16fee4402c1f19d6d15d8c4730", size = 20503, upload-time = "2025-10-18T21:55:43.219Z" }
wheels = [
    { url = "https://files.pythonhosted.org/packages/cb/b1/3846dd7f199d53cb17f49cba7e651e9ce294d8497c8c150530ed11865bb8/iniconfig-2.3.0-py3-none-any.whl", hash = "sha256:f631c04d2c48c52b84d0d0549c99ff3859c98df65b3101406327ecc7d53fbf12", size = 7484, upload-time = "2025-10-18T21:55:41.639Z" },
]

[[package]]
name = "jni-core"
version = "0.1.0"
source = { git = "https://github.com/kivy-school/jni-core#bfb8a2ec183c09e79322f706281e9c89286f10bb" }

[[package]]
name = "jni-tools-test-suite"
version = "0.0.0"
source = { editable = "." }

[package.dev-dependencies]
dev = [
    { name = "cython" },
    { name = "jni-core" },
    { name = "pip" },
    { name = "pyjnius" },
    { name = "pyjnius-builder" },
    { name = "pytest" },
    { name = "setuptools" },
    { name = "wheel" },
]

[package.metadata]

[package.metadata.requires-dev]
dev = [
    { name = "cython", specifier = ">=3.0" },
    { name = "jni-core", git = "https://github.com/kivy-school/jni-core" },
    { name = "pip" },
    { name = "pyjnius", specifier = ">=1.6" },
    { name = "pyjnius-builder", editable = "../../pyjnius-builder" },
    { name = "pytest", specifier = ">=8.0" },
    { name = "setuptools", specifier = ">=68" },
    { name = "wheel" },
]

[[package]]
name = "packaging"
version = "26.2"
source = { registry = "https://pypi.org/simple" }
sdist = { url = "https://files.pythonhosted.org/packages/d7/f1/e7a6dd94a8d4a5626c03e4e99c87f241ba9e350cd9e6d75123f992427270/packaging-26.2.tar.gz", hash = "sha256:ff452ff5a3e828ce110190feff1178bb1f2ea2281fa2075aadb987c2fb221661", size = 228134, upload-time = "2026-04-24T20:15:23.917Z" }
wheels = [
    { url = "https://files.pythonhosted.org/packages/df/b2/87e62e8c3e2f4b32e5fe99e0b86d576da1312593b39f47d8ceef365e95ed/packaging-26.2-py3-none-any.whl", hash = "sha256:5fc45236b9446107ff2415ce77c807cee2862cb6fac22b8a73826d0693b0980e", size = 100195, upload-time = "2026-04-24T20:15:22.081Z" },
]

[[package]]
name = "pathspec"
version = "1.1.1"
source = { registry = "https://pypi.org/simple" }
sdist = { url = "https://files.pythonhosted.org/packages/5a/82/42f767fc1c1143d6fd36efb827202a2d997a375e160a71eb2888a925aac1/pathspec-1.1.1.tar.gz", hash = "sha256:17db5ecd524104a120e173814c90367a96a98d07c45b2e10c2f3919fff91bf5a", size = 135180, upload-time = "2026-04-27T01:46:08.907Z" }
wheels = [
    { url = "https://files.pythonhosted.org/packages/f1/d9/7fb5aa316bc299258e68c73ba3bddbc499654a07f151cba08f6153988714/pathspec-1.1.1-py3-none-any.whl", hash = "sha256:a00ce642f577bf7f473932318056212bc4f8bfdf53128c78bbd5af0b9b20b189", size = 57328, upload-time = "2026-04-27T01:46:07.06Z" },
]

[[package]]
name = "pip"
version = "26.1.1"
source = { registry = "https://pypi.org/simple" }
sdist = { url = "https://files.pythonhosted.org/packages/b6/48/cb9b7a682f6fe01a4221e1728941dd4ac3cd9090a17db3779d6ff490b602/pip-26.1.1.tar.gz", hash = "sha256:d36762751d156a4ee895de8af39aa0abeeeb577f93a2eca6ab62467bbf0f8a78", size = 1840400, upload-time = "2026-05-04T19:02:21.248Z" }
wheels = [
    { url = "https://files.pythonhosted.org/packages/3a/eb/fea4d1d51c49832120f7f285d07306db3960f423a2612c6057caf3e8196f/pip-26.1.1-py3-none-any.whl", hash = "sha256:99cb1c2899893b075ff56e4ed0af55669a955b49ad7fb8d8603ecdaf4ed653fb", size = 1812777, upload-time = "2026-05-04T19:02:18.9Z" },
]

[[package]]
name = "pluggy"
version = "1.6.0"
source = { registry = "https://pypi.org/simple" }
sdist = { url = "https://files.pythonhosted.org/packages/f9/e2/3e91f31a7d2b083fe6ef3fa267035b518369d9511ffab804f839851d2779/pluggy-1.6.0.tar.gz", hash = "sha256:7dcc130b76258d33b90f61b658791dede3486c3e6bfb003ee5c9bfb396dd22f3", size = 69412, upload-time = "2025-05-15T12:30:07.975Z" }
wheels = [
    { url = "https://files.pythonhosted.org/packages/54/20/4d324d65cc6d9205fabedc306948156824eb9f0ee1633355a8f7ec5c66bf/pluggy-1.6.0-py3-none-any.whl", hash = "sha256:e920276dd6813095e9377c0bc5566d94c932c33b27a3e3945d8389c374dd4746", size = 20538, upload-time = "2025-05-15T12:30:06.134Z" },
]

[[package]]
name = "pygments"
version = "2.20.0"
source = { registry = "https://pypi.org/simple" }
sdist = { url = "https://files.pythonhosted.org/packages/c3/b2/bc9c9196916376152d655522fdcebac55e66de6603a76a02bca1b6414f6c/pygments-2.20.0.tar.gz", hash = "sha256:6757cd03768053ff99f3039c1a36d6c0aa0b263438fcab17520b30a303a82b5f", size = 4955991, upload-time = "2026-03-29T13:29:33.898Z" }
wheels = [
    { url = "https://files.pythonhosted.org/packages/f4/7e/a72dd26f3b0f4f2bf1dd8923c85f7ceb43172af56d63c7383eb62b332364/pygments-2.20.0-py3-none-any.whl", hash = "sha256:81a9e26dd42fd28a23a2d169d86d7ac03b46e2f8b59ed4698fb4785f946d0176", size = 1231151, upload-time = "2026-03-29T13:29:30.038Z" },
]

[[package]]
name = "pyjnius"
version = "1.7.0"
source = { registry = "https://pypi.org/simple" }
sdist = { url = "https://files.pythonhosted.org/packages/04/a2/22bcf51dd6628e1ab9932a5e3e3e0b062ca4e2ef80e1bc9f7a3cc2748c57/pyjnius-1.7.0.tar.gz", hash = "sha256:9f81708484b0a84ead3eb0ba84e53ac579e4c43ca10c746f9898a9f3dd50f54d", size = 66363, upload-time = "2025-09-08T19:33:14.675Z" }
wheels = [
    { url = "https://files.pythonhosted.org/packages/b7/2d/d07448a7741d447c64895a63e3f6d58952fe9c771d7506ba8c1efe011422/pyjnius-1.7.0-cp313-cp313-macosx_10_13_universal2.whl", hash = "sha256:c60e1fef16911a19f70c2e53c81acf54abe638bb4b2b3855199e8423c41399e4", size = 453898, upload-time = "2025-09-08T19:32:32.701Z" },
    { url = "https://files.pythonhosted.org/packages/5a/26/044c93eab2406631fb98a3bb0fe0b4d90bc3059ebc463204f69a0fe23cae/pyjnius-1.7.0-cp313-cp313-macosx_10_13_x86_64.whl", hash = "sha256:4ad1cde114cc4429dc1cff805e7ccf13a6136fa51793c2cc9d8dcd1e3130a302", size = 242248, upload-time = "2025-09-08T19:32:33.888Z" },
    { url = "https://files.pythonhosted.org/packages/39/30/5256a4f1d337c38faf922ea5c74490f3fc5f2f07b21e00408ee35ffa6c95/pyjnius-1.7.0-cp313-cp313-manylinux2014_aarch64.manylinux_2_17_aarch64.manylinux_2_28_aarch64.whl", hash = "sha256:0cd07f24e0da6ceed51af35db1b82b1d9920e949ccb41ee82a96f80a03f6963e", size = 1561130, upload-time = "2025-09-08T19:32:35.714Z" },
    { url = "https://files.pythonhosted.org/packages/98/73/c306ca7b41305a98520be7801ab78b23bbde2cd04fa154fbd0ed3488449e/pyjnius-1.7.0-cp313-cp313-manylinux2014_x86_64.manylinux_2_17_x86_64.manylinux_2_28_x86_64.whl", hash = "sha256:c1530769efdafcff5ef93b60ce3db4118f19fca67c9d8078dc380d5f4733ac60", size = 1609061, upload-time = "2025-09-08T19:32:36.974Z" },
    { url = "https://files.pythonhosted.org/packages/77/fd/c49dd49859269c6b3f64d4ac07461ff7740a653feb0e242832f3490d56eb/pyjnius-1.7.0-cp313-cp313-win32.whl", hash = "sha256:16b6c588899d55409830f16717320b919861b0038c8d67dab28999e2548b65a3", size = 174184, upload-time = "2025-09-08T19:32:38.034Z" },
    { url = "https://files.pythonhosted.org/packages/aa/21/77a4bb0abaefb0d5ea36ef8842a17aa337f25042c048e9b544e11b7bd844/pyjnius-1.7.0-cp313-cp313-win_amd64.whl", hash = "sha256:184ab1eeee0a2a24beadd755aedd9536034a0732d0697baf0eca6b76f9ba65d4", size = 209544, upload-time = "2025-09-08T19:32:39.137Z" },
    { url = "https://files.pythonhosted.org/packages/d1/61/a4460964220b42c00023333821ab7bf545f5a4069389ce85e555521bb691/pyjnius-1.7.0-cp314-cp314-macosx_10_13_universal2.whl", hash = "sha256:2eb8881c01fc16b4984d4388ad05453439c89879436322e9cd9e2a8afb5f262f", size = 456379, upload-time = "2025-09-08T19:32:40.308Z" },
    { url = "https://files.pythonhosted.org/packages/d2/f8/f9c431035cb6c1ff285a9b3518cf69bbaba79661fdada1e7138dec48844e/pyjnius-1.7.0-cp314-cp314-macosx_10_13_x86_64.whl", hash = "sha256:164a89a722f9144b36b37905aa3d746a46364882e1c436162f27c43433eaa7ec", size = 242252, upload-time = "2025-09-08T19:32:41.841Z" },
    { url = "https://files.pythonhosted.org/packages/47/e1/e0f0005c5a5ad4f496f7aee972d8b7fe1e441f228bb74cbb557f61a8bc51/pyjnius-1.7.0-cp314-cp314-manylinux2014_aarch64.manylinux_2_17_aarch64.manylinux_2_28_aarch64.whl", hash = "sha256:a43910ee71e6f62ecd16c3774d948d5fd727c0b9d5f6dfce4420c5cddc3a9d7d", size = 1560030, upload-time = "2025-09-08T19:32:43.633Z" },
    { url = "https://files.pythonhosted.org/packages/fd/32/2997d0ef28bf31717671e78c15a72951b2049869c2373bb233c04184f4a2/pyjnius-1.7.0-cp314-cp314-manylinux2014_x86_64.manylinux_2_17_x86_64.manylinux_2_28_x86_64.whl", hash = "sha256:60349bd19b5ee60cfbc6c9a878228e8e602c5abc707746fc58b811bd22267180", size = 1586406, upload-time = "2025-09-08T19:32:45.533Z" },
    { url = "https://files.pythonhosted.org/packages/bb/c3/4b6e935758b6d355c9b99c0d0c887fb72d91caf08987f8fa31661c31a0fb/pyjnius-1.7.0-cp314-cp314-win32.whl", hash = "sha256:1609934577075d06dacc6df94b85d6c052981c5e50980c4d8c1aa3a2f796326c", size = 176532, upload-time = "2025-09-08T19:32:47.295Z" },
    { url = "https://files.pythonhosted.org/packages/c1/b4/0fcd9d9efd07287d6d52261ce595817b377061946198e908b0d9c19d1974/pyjnius-1.7.0-cp314-cp314-win_amd64.whl", hash = "sha256:7996cbb8c5cd15a09fd3bc64ce236d141f34f6536a2c02cc97476fe20acfb7d7", size = 212794, upload-time = "2025-09-08T19:32:48.458Z" },
    { url = "https://files.pythonhosted.org/packages/03/31/99d7295a5e16674b63ce08b98cbeb394cb30920e66e5abe189d545e6781f/pyjnius-1.7.0-cp314-cp314t-macosx_10_13_universal2.whl", hash = "sha256:00edd9452e3c3d08ac63e32acddbb5931ecb555b78f8c5fb5bea285d254f269b", size = 485857, upload-time = "2025-09-08T19:32:49.775Z" },
    { url = "https://files.pythonhosted.org/packages/b1/d2/524d064612398dad68d6f078879069168cb35b747890572e85d0da1aeac2/pyjnius-1.7.0-cp314-cp314t-macosx_10_13_x86_64.whl", hash = "sha256:2ae3249e75b4500d6805867f6e851f771c2b70827e723fe3320cb4b6b88cedde", size = 255900, upload-time = "2025-09-08T19:32:52.292Z" },
    { url = "https://files.pythonhosted.org/packages/c0/a5/c5811b409b44a60477dc4349e9f2d0b72126a313085ef0fbe81c4a4e6b4a/pyjnius-1.7.0-cp314-cp314t-manylinux2014_aarch64.manylinux_2_17_aarch64.manylinux_2_28_aarch64.whl", hash = "sha256:2da50aba9218788d1df5dc6645ac285543519bc73af7631da14ef846235dee75", size = 1708856, upload-time = "2025-09-08T19:32:53.684Z" },
    { url = "https://files.pythonhosted.org/packages/56/d2/ab930e282286f413d4eaf835e05f6d753f75cd000398500e6c38e28a7e1f/pyjnius-1.7.0-cp314-cp314t-manylinux2014_x86_64.manylinux_2_17_x86_64.manylinux_2_28_x86_64.whl", hash = "sha256:0d1e0b1bff49e5e6c24c6cc21d41693f99ad44e441de43779a057a6f247e51a3", size = 1678223, upload-time = "2025-09-08T19:32:55.017Z" },
    { url = "https://files.pythonhosted.org/packages/b0/87/ee8505baf15b2b5e13fa938247141e81bfe71e1291a4c0bc37fd14176642/pyjnius-1.7.0-cp314-cp314t-win32.whl", hash = "sha256:29cd4b6cfb134c1857c07f037b661bc03e2ee1f8c114a1c69b96e9ef4e0c13cf", size = 211559, upload-time = "2025-09-08T19:32:56.224Z" },
    { url = "https://files.pythonhosted.org/packages/ca/1e/c35aa1ebed3b5c10c613b6efbc5c80b9a6c5d2796e73f69bd01509536659/pyjnius-1.7.0-cp314-cp314t-win_amd64.whl", hash = "sha256:5b8f0d56cbd4e92f2a8e03b6560c7303acaa71144a094c92f4fa72e6da4ad521", size = 256233, upload-time = "2025-09-08T19:32:57.374Z" },
]

[[package]]
name = "pyjnius-builder"
version = "0.1.0"
source = { editable = "../../pyjnius-builder" }
dependencies = [
    { name = "hatchling" },
]

[package.metadata]
requires-dist = [{ name = "hatchling" }]

[[package]]
name = "pytest"
version = "9.0.3"
source = { registry = "https://pypi.org/simple" }
dependencies = [
    { name = "colorama", marker = "sys_platform == 'win32'" },
    { name = "iniconfig" },
    { name = "packaging" },
    { name = "pluggy" },
    { name = "pygments" },
]
sdist = { url = "https://files.pythonhosted.org/packages/7d/0d/549bd94f1a0a402dc8cf64563a117c0f3765662e2e668477624baeec44d5/pytest-9.0.3.tar.gz", hash = "sha256:b86ada508af81d19edeb213c681b1d48246c1a91d304c6c81a427674c17eb91c", size = 1572165, upload-time = "2026-04-07T17:16:18.027Z" }
wheels = [
    { url = "https://files.pythonhosted.org/packages/d4/24/a372aaf5c9b7208e7112038812994107bc65a84cd00e0354a88c2c77a617/pytest-9.0.3-py3-none-any.whl", hash = "sha256:2c5efc453d45394fdd706ade797c0a81091eccd1d6e4bccfcd476e2b8e0ab5d9", size = 375249, upload-time = "2026-04-07T17:16:16.13Z" },
]

[[package]]
name = "setuptools"
version = "82.0.1"
source = { registry = "https://pypi.org/simple" }
sdist = { url = "https://files.pythonhosted.org/packages/4f/db/cfac1baf10650ab4d1c111714410d2fbb77ac5a616db26775db562c8fab2/setuptools-82.0.1.tar.gz", hash = "sha256:7d872682c5d01cfde07da7bccc7b65469d3dca203318515ada1de5eda35efbf9", size = 1152316, upload-time = "2026-03-09T12:47:17.221Z" }
wheels = [
    { url = "https://files.pythonhosted.org/packages/9d/76/f789f7a86709c6b087c5a2f52f911838cad707cc613162401badc665acfe/setuptools-82.0.1-py3-none-any.whl", hash = "sha256:a59e362652f08dcd477c78bb6e7bd9d80a7995bc73ce773050228a348ce2e5bb", size = 1006223, upload-time = "2026-03-09T12:47:15.026Z" },
]

[[package]]
name = "trove-classifiers"
version = "2026.5.22.10"
source = { registry = "https://pypi.org/simple" }
sdist = { url = "https://files.pythonhosted.org/packages/86/b6/1c41aa221b157b624ea1a72e975404ef228724d249011ee411ac211a615e/trove_classifiers-2026.5.22.10.tar.gz", hash = "sha256:5477e9974e91904fb2cfa4a7581ab6e2f30c2c38d847fd00ed866080748101d5", size = 17061, upload-time = "2026-05-22T10:17:28.99Z" }
wheels = [
    { url = "https://files.pythonhosted.org/packages/c9/02/9a14d3048ffa4f45b7c60956a9b22688dd925d6de50f6baf7e55f3664942/trove_classifiers-2026.5.22.10-py3-none-any.whl", hash = "sha256:01fe864225726e03efb843827ecabfe319fc4dee8dd66d65b8996cb09be46e2c", size = 14225, upload-time = "2026-05-22T10:17:27.569Z" },
]

[[package]]
name = "wheel"
version = "0.47.0"
source = { registry = "https://pypi.org/simple" }
dependencies = [
    { name = "packaging" },
]
sdist = { url = "https://files.pythonhosted.org/packages/39/62/75f18a0f03b4219c456652c7780e4d749b929eb605c098ce3a5b6b6bc081/wheel-0.47.0.tar.gz", hash = "sha256:cc72bd1009ba0cf63922e28f94d9d83b920aa2bb28f798a31d0691b02fa3c9b3", size = 63854, upload-time = "2026-04-22T15:51:27.727Z" }
wheels = [
    { url = "https://files.pythonhosted.org/packages/87/1b/9e33c09813d65e248f7f773119148a612516a4bea93e9c6f545f78455b7c/wheel-0.47.0-py3-none-any.whl", hash = "sha256:212281cab4dff978f6cedd499cd893e1f620791ca6ff7107cf270781e587eced", size = 32218, upload-time = "2026-04-22T15:51:26.296Z" },
]
